
Microsoft Visual Studio Solution File, Format Version 12.00
# Visual Studio Version 16
VisualStudioVersion = 16.0.30711.63
MinimumVisualStudioVersion = 10.0.40219.1
Project("{FAE04EC0-301F-11D3-BF4B-00C04F79EFBC}") = "App1.UWP", "App1\App1.UWP\App1.UWP.csproj", "{6F1408B4-D12E-4DA0-8F20-5E6C404D6C7D}"
EndProject
Project("{FAE04EC0-301F-11D3-BF4B-00C04F79EFBC}") = "App1.Android", "App1\App1.Android\App1.Android.csproj", "{C8EFF403-34BF-47B7-A164-601A76D75E21}"
EndProject
Project("{FAE04EC0-301F-11D3-BF4B-00C04F79EFBC}") = "App1.iOS", "App1\App1.iOS\App1.iOS.csproj", "{0CC14705-ABC7-45A3-AE4C-CC463DE6330E}"
EndProject
Project("{FAE04EC0-301F-11D3-BF4B-00C04F79EFBC}") = "App1", "App1\App1\App1.csproj", "{8DFC5E14-F1F3-42E4-82BC-E2AD7C92858C}"
EndProject
Global
	GlobalSection(SolutionConfigurationPlatforms) = preSolution
		Debug|Any CPU = Debug|Any CPU
		Debug|ARM = Debug|ARM
		Debug|iPhone = Debug|iPhone
		Debug|iPhoneSimulator = Debug|iPhoneSimulator
		Debug|x64 = Debug|x64
		Debug|x86 = Debug|x86
		Release|Any CPU = Release|Any CPU
		Release|ARM = Release|ARM
		Release|iPhone = Release|iPhone
		Release|iPhoneSimulator = Release|iPhoneSimulator
		Release|x64 = Release|x64
		Release|x86 = Release|x86
	EndGlobalSection
	GlobalSection(ProjectConfigurationPlatforms) = postSolution
		{6F1408B4-D12E-4DA0-8F20-5E6C404D6C7D}.Debug|Any CPU.ActiveCfg = Debug|x86
		{6F1408B4-D12E-4DA0-8F20-5E6C404D6C7D}.Debug|Any CPU.Build.0 = Debug|x86
		{6F1408B4-D12E-4DA0-8F20-5E6C404D6C7D}.Debug|Any CPU.Deploy.0 = Debug|x86
		{6F1408B4-D12E-4DA0-8F20-5E6C404D6C7D}.Debug|ARM.ActiveCfg = Debug|ARM
		{6F1408B4-D12E-4DA0-8F20-5E6C404D6C7D}.Debug|ARM.Build.0 = Debug|ARM
		{6F1408B4-D12E-4DA0-8F20-5E6C404D6C7D}.Debug|ARM.Deploy.0 = Debug|ARM
		{6F1408B4-D12E-4DA0-8F20-5E6C404D6C7D}.Debug|iPhone.ActiveCfg = Debug|x86
		{6F1408B4-D12E-4DA0-8F20-5E6C404D6C7D}.Debug|iPhone.Build.0 = Debug|x86
		{6F1408B4-D12E-4DA0-8F20-5E6C404D6C7D}.Debug|iPhone.Deploy.0 = Debug|x86
		{6F1408B4-D12E-4DA0-8F20-5E6C404D6C7D}.Debug|iPhoneSimulator.ActiveCfg = Debug|x86
		{6F1408B4-D12E-4DA0-8F20-5E6C404D6C7D}.Debug|iPhoneSimulator.Build.0 = Debug|x86
		{6F1408B4-D12E-4DA0-8F20-5E6C404D6C7D}.Debug|iPhoneSimulator.Deploy.0 = Debug|x86
		{6F1408B4-D12E-4DA0-8F20-5E6C404D6C7D}.Debug|x64.ActiveCfg = Debug|x64
		{6F1408B4-D12E-4DA0-8F20-5E6C404D6C7D}.Debug|x64.Build.0 = Debug|x64
		{6F1408B4-D12E-4DA0-8F20-5E6C404D6C7D}.Debug|x64.Deploy.0 = Debug|x64
		{6F1408B4-D12E-4DA0-8F20-5E6C404D6C7D}.Debug|x86.ActiveCfg = Debug|x86
		{6F1408B4-D12E-4DA0-8F20-5E6C404D6C7D}.Debug|x86.Build.0 = Debug|x86
		{6F1408B4-D12E-4DA0-8F20-5E6C404D6C7D}.Debug|x86.Deploy.0 = Debug|x86
		{6F1408B4-D12E-4DA0-8F20-5E6C404D6C7D}.Release|Any CPU.ActiveCfg = Release|x86
		{6F1408B4-D12E-4DA0-8F20-5E6C404D6C7D}.Release|Any CPU.Build.0 = Release|x86
		{6F1408B4-D12E-4DA0-8F20-5E6C404D6C7D}.Release|Any CPU.Deploy.0 = Release|x86
		{6F1408B4-D12E-4DA0-8F20-5E6C404D6C7D}.Release|ARM.ActiveCfg = Release|ARM
		{6F1408B4-D12E-4DA0-8F20-5E6C404D6C7D}.Release|ARM.Build.0 = Release|ARM
		{6F1408B4-D12E-4DA0-8F20-5E6C404D6C7D}.Release|ARM.Deploy.0 = Release|ARM
		{6F1408B4-D12E-4DA0-8F20-5E6C404D6C7D}.Release|iPhone.ActiveCfg = Release|x86
		{6F1408B4-D12E-4DA0-8F20-5E6C404D6C7D}.Release|iPhone.Build.0 = Release|x86
		{6F1408B4-D12E-4DA0-8F20-5E6C404D6C7D}.Release|iPhone.Deploy.0 = Release|x86
		{6F1408B4-D12E-4DA0-8F20-5E6C404D6C7D}.Release|iPhoneSimulator.ActiveCfg = Release|x86
		{6F1408B4-D12E-4DA0-8F20-5E6C404D6C7D}.Release|iPhoneSimulator.Build.0 = Release|x86
		{6F1408B4-D12E-4DA0-8F20-5E6C404D6C7D}.Release|iPhoneSimulator.Deploy.0 = Release|x86
		{6F1408B4-D12E-4DA0-8F20-5E6C404D6C7D}.Release|x64.ActiveCfg = Release|x64
		{6F1408B4-D12E-4DA0-8F20-5E6C404D6C7D}.Release|x64.Build.0 = Release|x64
		{6F1408B4-D12E-4DA0-8F20-5E6C404D6C7D}.Release|x64.Deploy.0 = Release|x64
		{6F1408B4-D12E-4DA0-8F20-5E6C404D6C7D}.Release|x86.ActiveCfg = Release|x86
		{6F1408B4-D12E-4DA0-8F20-5E6C404D6C7D}.Release|x86.Build.0 = Release|x86
		{6F1408B4-D12E-4DA0-8F20-5E6C404D6C7D}.Release|x86.Deploy.0 = Release|x86
		{C8EFF403-34BF-47B7-A164-601A76D75E21}.Debug|Any CPU.ActiveCfg = Debug|Any CPU
		{C8EFF403-34BF-47B7-A164-601A76D75E21}.Debug|Any CPU.Build.0 = Debug|Any CPU
		{C8EFF403-34BF-47B7-A164-601A76D75E21}.Debug|Any CPU.Deploy.0 = Debug|Any CPU
		{C8EFF403-34BF-47B7-A164-601A76D75E21}.Debug|ARM.ActiveCfg = Debug|Any CPU
		{C8EFF403-34BF-47B7-A164-601A76D75E21}.Debug|ARM.Build.0 = Debug|Any CPU
		{C8EFF403-34BF-47B7-A164-601A76D75E21}.Debug|ARM.Deploy.0 = Debug|Any CPU
		{C8EFF403-34BF-47B7-A164-601A76D75E21}.Debug|iPhone.ActiveCfg = Debug|Any CPU
		{C8EFF403-34BF-47B7-A164-601A76D75E21}.Debug|iPhone.Build.0 = Debug|Any CPU
		{C8EFF403-34BF-47B7-A164-601A76D75E21}.Debug|iPhone.Deploy.0 = Debug|Any CPU
		{C8EFF403-34BF-47B7-A164-601A76D75E21}.Debug|iPhoneSimulator.ActiveCfg = Debug|Any CPU
		{C8EFF403-34BF-47B7-A164-601A76D75E21}.Debug|iPhoneSimulator.Build.0 = Debug|Any CPU
		{C8EFF403-34BF-47B7-A164-601A76D75E21}.Debug|iPhoneSimulator.Deploy.0 = Debug|Any CPU
		{C8EFF403-34BF-47B7-A164-601A76D75E21}.Debug|x64.ActiveCfg = Debug|Any CPU
		{C8EFF403-34BF-47B7-A164-601A76D75E21}.Debug|x64.Build.0 = Debug|Any CPU
		{C8EFF403-34BF-47B7-A164-601A76D75E21}.Debug|x64.Deploy.0 = Debug|Any CPU
		{C8EFF403-34BF-47B7-A164-601A76D75E21}.Debug|x86.ActiveCfg = Debug|Any CPU
		{C8EFF403-34BF-47B7-A164-601A76D75E21}.Debug|x86.Build.0 = Debug|Any CPU
		{C8EFF403-34BF-47B7-A164-601A76D75E21}.Debug|x86.Deploy.0 = Debug|Any CPU
		{C8EFF403-34BF-47B7-A164-601A76D75E21}.Release|Any CPU.ActiveCfg = Release|Any CPU
		{C8EFF403-34BF-47B7-A164-601A76D75E21}.Release|Any CPU.Build.0 = Release|Any CPU
		{C8EFF403-34BF-47B7-A164-601A76D75E21}.Release|Any CPU.Deploy.0 = Release|Any CPU
		{C8EFF403-34BF-47B7-A164-601A76D75E21}.Release|ARM.ActiveCfg = Release|Any CPU
		{C8EFF403-34BF-47B7-A164-601A76D75E21}.Release|ARM.Build.0 = Release|Any CPU
		{C8EFF403-34BF-47B7-A164-601A76D75E21}.Release|ARM.Deploy.0 = Release|Any CPU
		{C8EFF403-34BF-47B7-A164-601A76D75E21}.Release|iPhone.ActiveCfg = Release|Any CPU
		{C8EFF403-34BF-47B7-A164-601A76D75E21}.Release|iPhone.Build.0 = Release|Any CPU
		{C8EFF403-34BF-47B7-A164-601A76D75E21}.Release|iPhone.Deploy.0 = Release|Any CPU
		{C8EFF403-34BF-47B7-A164-601A76D75E21}.Release|iPhoneSimulator.ActiveCfg = Release|Any CPU
		{C8EFF403-34BF-47B7-A164-601A76D75E21}.Release|iPhoneSimulator.Build.0 = Release|Any CPU
		{C8EFF403-34BF-47B7-A164-601A76D75E21}.Release|iPhoneSimulator.Deploy.0 = Release|Any CPU
		{C8EFF403-34BF-47B7-A164-601A76D75E21}.Release|x64.ActiveCfg = Release|Any CPU
		{C8EFF403-34BF-47B7-A164-601A76D75E21}.Release|x64.Build.0 = Release|Any CPU
		{C8EFF403-34BF-47B7-A164-601A76D75E21}.Release|x64.Deploy.0 = Release|Any CPU
		{C8EFF403-34BF-47B7-A164-601A76D75E21}.Release|x86.ActiveCfg = Release|Any CPU
		{C8EFF403-34BF-47B7-A164-601A76D75E21}.Release|x86.Build.0 = Release|Any CPU
		{C8EFF403-34BF-47B7-A164-601A76D75E21}.Release|x86.Deploy.0 = Release|Any CPU
		{0CC14705-ABC7-45A3-AE4C-CC463DE6330E}.Debug|Any CPU.ActiveCfg = Debug|iPhoneSimulator
		{0CC14705-ABC7-45A3-AE4C-CC463DE6330E}.Debug|Any CPU.Build.0 = Debug|iPhoneSimulator
		{0CC14705-ABC7-45A3-AE4C-CC463DE6330E}.Debug|Any CPU.Deploy.0 = Debug|iPhoneSimulator
		{0CC14705-ABC7-45A3-AE4C-CC463DE6330E}.Debug|ARM.ActiveCfg = Debug|iPhone
		{0CC14705-ABC7-45A3-AE4C-CC463DE6330E}.Debug|ARM.Build.0 = Debug|iPhone
		{0CC14705-ABC7-45A3-AE4C-CC463DE6330E}.Debug|ARM.Deploy.0 = Debug|iPhone
		{0CC14705-ABC7-45A3-AE4C-CC463DE6330E}.Debug|iPhone.ActiveCfg = Debug|iPhone
		{0CC14705-ABC7-45A3-AE4C-CC463DE6330E}.Debug|iPhone.Build.0 = Debug|iPhone
		{0CC14705-ABC7-45A3-AE4C-CC463DE6330E}.Debug|iPhone.Deploy.0 = Debug|iPhone
		{0CC14705-ABC7-45A3-AE4C-CC463DE6330E}.Debug|iPhoneSimulator.ActiveCfg = Debug|iPhoneSimulator
		{0CC14705-ABC7-45A3-AE4C-CC463DE6330E}.Debug|iPhoneSimulator.Build.0 = Debug|iPhoneSimulator
		{0CC14705-ABC7-45A3-AE4C-CC463DE6330E}.Debug|iPhoneSimulator.Deploy.0 = Debug|iPhoneSimulator
		{0CC14705-ABC7-45A3-AE4C-CC463DE6330E}.Debug|x64.ActiveCfg = Debug|iPhoneSimulator
		{0CC14705-ABC7-45A3-AE4C-CC463DE6330E}.Debug|x64.Build.0 = Debug|iPhoneSimulator
		{0CC14705-ABC7-45A3-AE4C-CC463DE6330E}.Debug|x64.Deploy.0 = Debug|iPhoneSimulator
		{0CC14705-ABC7-45A3-AE4C-CC463DE6330E}.Debug|x86.ActiveCfg = Debug|iPhoneSimulator
		{0CC14705-ABC7-45A3-AE4C-CC463DE6330E}.Debug|x86.Build.0 = Debug|iPhoneSimulator
		{0CC14705-ABC7-45A3-AE4C-CC463DE6330E}.Debug|x86.Deploy.0 = Debug|iPhoneSimulator
		{0CC14705-ABC7-45A3-AE4C-CC463DE6330E}.Release|Any CPU.ActiveCfg = Release|iPhoneSimulator
		{0CC14705-ABC7-45A3-AE4C-CC463DE6330E}.Release|Any CPU.Build.0 = Release|iPhoneSimulator
		{0CC14705-ABC7-45A3-AE4C-CC463DE6330E}.Release|Any CPU.Deploy.0 = Release|iPhoneSimulator
		{0CC14705-ABC7-45A3-AE4C-CC463DE6330E}.Release|ARM.ActiveCfg = Release|iPhoneSimulator
		{0CC14705-ABC7-45A3-AE4C-CC463DE6330E}.Release|ARM.Build.0 = Release|iPhoneSimulator
		{0CC14705-ABC7-45A3-AE4C-CC463DE6330E}.Release|ARM.Deploy.0 = Release|iPhoneSimulator
		{0CC14705-ABC7-45A3-AE4C-CC463DE6330E}.Release|iPhone.ActiveCfg = Release|iPhone
		{0CC14705-ABC7-45A3-AE4C-CC463DE6330E}.Release|iPhone.Build.0 = Release|iPhone
		{0CC14705-ABC7-45A3-AE4C-CC463DE6330E}.Release|iPhone.Deploy.0 = Release|iPhone
		{0CC14705-ABC7-45A3-AE4C-CC463DE6330E}.Release|iPhoneSimulator.ActiveCfg = Release|iPhoneSimulator
		{0CC14705-ABC7-45A3-AE4C-CC463DE6330E}.Release|iPhoneSimulator.Build.0 = Release|iPhoneSimulator
		{0CC14705-ABC7-45A3-AE4C-CC463DE6330E}.Release|iPhoneSimulator.Deploy.0 = Release|iPhoneSimulator
		{0CC14705-ABC7-45A3-AE4C-CC463DE6330E}.Release|x64.ActiveCfg = Release|iPhoneSimulator
		{0CC14705-ABC7-45A3-AE4C-CC463DE6330E}.Release|x64.Build.0 = Release|iPhoneSimulator
		{0CC14705-ABC7-45A3-AE4C-CC463DE6330E}.Release|x64.Deploy.0 = Release|iPhoneSimulator
		{0CC14705-ABC7-45A3-AE4C-CC463DE6330E}.Release|x86.ActiveCfg = Release|iPhoneSimulator
		{0CC14705-ABC7-45A3-AE4C-CC463DE6330E}.Release|x86.Build.0 = Release|iPhoneSimulator
		{0CC14705-ABC7-45A3-AE4C-CC463DE6330E}.Release|x86.Deploy.0 = Release|iPhoneSimulator
		{8DFC5E14-F1F3-42E4-82BC-E2AD7C92858C}.Debug|Any CPU.ActiveCfg = Debug|Any CPU
		{8DFC5E14-F1F3-42E4-82BC-E2AD7C92858C}.Debug|Any CPU.Build.0 = Debug|Any CPU
		{8DFC5E14-F1F3-42E4-82BC-E2AD7C92858C}.Debug|Any CPU.Deploy.0 = Debug|Any CPU
		{8DFC5E14-F1F3-42E4-82BC-E2AD7C92858C}.Debug|ARM.ActiveCfg = Debug|Any CPU
		{8DFC5E14-F1F3-42E4-82BC-E2AD7C92858C}.Debug|ARM.Build.0 = Debug|Any CPU
		{8DFC5E14-F1F3-42E4-82BC-E2AD7C92858C}.Debug|ARM.Deploy.0 = Debug|Any CPU
		{8DFC5E14-F1F3-42E4-82BC-E2AD7C92858C}.Debug|iPhone.ActiveCfg = Debug|Any CPU
		{8DFC5E14-F1F3-42E4-82BC-E2AD7C92858C}.Debug|iPhone.Build.0 = Debug|Any CPU
		{8DFC5E14-F1F3-42E4-82BC-E2AD7C92858C}.Debug|iPhone.Deploy.0 = Debug|Any CPU
		{8DFC5E14-F1F3-42E4-82BC-E2AD7C92858C}.Debug|iPhoneSimulator.ActiveCfg = Debug|Any CPU
		{8DFC5E14-F1F3-42E4-82BC-E2AD7C92858C}.Debug|iPhoneSimulator.Build.0 = Debug|Any CPU
		{8DFC5E14-F1F3-42E4-82BC-E2AD7C92858C}.Debug|iPhoneSimulator.Deploy.0 = Debug|Any CPU
		{8DFC5E14-F1F3-42E4-82BC-E2AD7C92858C}.Debug|x64.ActiveCfg = Debug|Any CPU
		{8DFC5E14-F1F3-42E4-82BC-E2AD7C92858C}.Debug|x64.Build.0 = Debug|Any CPU
		{8DFC5E14-F1F3-42E4-82BC-E2AD7C92858C}.Debug|x64.Deploy.0 = Debug|Any CPU
		{8DFC5E14-F1F3-42E4-82BC-E2AD7C92858C}.Debug|x86.ActiveCfg = Debug|Any CPU
		{8DFC5E14-F1F3-42E4-82BC-E2AD7C92858C}.Debug|x86.Build.0 = Debug|Any CPU
		{8DFC5E14-F1F3-42E4-82BC-E2AD7C92858C}.Debug|x86.Deploy.0 = Debug|Any CPU
		{8DFC5E14-F1F3-42E4-82BC-E2AD7C92858C}.Release|Any CPU.ActiveCfg = Release|Any CPU
		{8DFC5E14-F1F3-42E4-82BC-E2AD7C92858C}.Release|Any CPU.Build.0 = Release|Any CPU
		{8DFC5E14-F1F3-42E4-82BC-E2AD7C92858C}.Release|Any CPU.Deploy.0 = Release|Any CPU
		{8DFC5E14-F1F3-42E4-82BC-E2AD7C92858C}.Release|ARM.ActiveCfg = Release|Any CPU
		{8DFC5E14-F1F3-42E4-82BC-E2AD7C92858C}.Release|ARM.Build.0 = Release|Any CPU
		{8DFC5E14-F1F3-42E4-82BC-E2AD7C92858C}.Release|ARM.Deploy.0 = Release|Any CPU
		{8DFC5E14-F1F3-42E4-82BC-E2AD7C92858C}.Release|iPhone.ActiveCfg = Release|Any CPU
		{8DFC5E14-F1F3-42E4-82BC-E2AD7C92858C}.Release|iPhone.Build.0 = Release|Any CPU
		{8DFC5E14-F1F3-42E4-82BC-E2AD7C92858C}.Release|iPhone.Deploy.0 = Release|Any CPU
		{8DFC5E14-F1F3-42E4-82BC-E2AD7C92858C}.Release|iPhoneSimulator.ActiveCfg = Release|Any CPU
		{8DFC5E14-F1F3-42E4-82BC-E2AD7C92858C}.Release|iPhoneSimulator.Build.0 = Release|Any CPU
		{8DFC5E14-F1F3-42E4-82BC-E2AD7C92858C}.Release|iPhoneSimulator.Deploy.0 = Release|Any CPU
		{8DFC5E14-F1F3-42E4-82BC-E2AD7C92858C}.Release|x64.ActiveCfg = Release|Any CPU
		{8DFC5E14-F1F3-42E4-82BC-E2AD7C92858C}.Release|x64.Build.0 = Release|Any CPU
		{8DFC5E14-F1F3-42E4-82BC-E2AD7C92858C}.Release|x64.Deploy.0 = Release|Any CPU
		{8DFC5E14-F1F3-42E4-82BC-E2AD7C92858C}.Release|x86.ActiveCfg = Release|Any CPU
		{8DFC5E14-F1F3-42E4-82BC-E2AD7C92858C}.Release|x86.Build.0 = Release|Any CPU
		{8DFC5E14-F1F3-42E4-82BC-E2AD7C92858C}.Release|x86.Deploy.0 = Release|Any CPU
	EndGlobalSection
	GlobalSection(SolutionProperties) = preSolution
		HideSolutionNode = FALSE
	EndGlobalSection
	GlobalSection(ExtensibilityGlobals) = postSolution
		SolutionGuid = {9715BD59-939B-4824-B945-5F377B7A4DDE}
	EndGlobalSection
EndGlobal
